
Microsoft Visual Studio Solution File, Format Version 12.00
# Visual Studio Version 17
VisualStudioVersion = 17.13.35913.81
MinimumVisualStudioVersion = 10.0.40219.1
Project("{FAE04EC0-301F-11D3-BF4B-00C04F79EFBC}") = "ItemApi", "Item\ItemApi\ItemApi.csproj", "{1CE7E649-E971-7AE2-67AC-B80E491CE998}"
EndProject
Project("{FAE04EC0-301F-11D3-BF4B-00C04F79EFBC}") = "ItemApi.Data", "Item\ItemApi.Data\ItemApi.Data.csproj", "{B3D487AF-83C0-11C3-091A-46223C10224E}"
EndProject
Project("{FAE04EC0-301F-11D3-BF4B-00C04F79EFBC}") = "ItemApi.Mocks", "Item\ItemApi.Mocks\ItemApi.Mocks.csproj", "{AE268FE4-C299-EF58-A1E4-0BB261C02B84}"
EndProject
Project("{FAE04EC0-301F-11D3-BF4B-00C04F79EFBC}") = "ItemApi.Models", "Item\ItemApi.Models\ItemApi.Models.csproj", "{6A0DC03F-87B9-2E4D-903C-569EFCF1967D}"
EndProject
Project("{FAE04EC0-301F-11D3-BF4B-00C04F79EFBC}") = "ItemApi.Tests", "Item\ItemApi.Tests\ItemApi.Tests.csproj", "{C2BE179C-32EC-80B3-7BAE-81DE79B76218}"
EndProject
Project("{FAE04EC0-301F-11D3-BF4B-00C04F79EFBC}") = "ItemApi.Workflows", "Item\ItemApi.Workflows\ItemApi.Workflows.csproj", "{9618FF23-0F8B-3D73-CDAD-62780BBCD7A5}"
EndProject
Project("{2150E333-8FDC-42A3-9474-1A3956D46DE8}") = "Item", "Item", "{02EA681E-C7D8-13C7-8484-4AC65E1B71E8}"
EndProject
Project("{2150E333-8FDC-42A3-9474-1A3956D46DE8}") = "User", "User", "{4171DB6F-85A8-44EB-8F5E-EE36437F5C53}"
EndProject
Project("{FAE04EC0-301F-11D3-BF4B-00C04F79EFBC}") = "UserApi", "User\UserApi\UserApi.csproj", "{0DBAA31C-9DD0-22AA-D035-A67A6A58E43B}"
EndProject
Project("{FAE04EC0-301F-11D3-BF4B-00C04F79EFBC}") = "UserApi.Data", "User\UserApi.Data\UserApi.Data.csproj", "{48E91F1F-DB1E-D52C-4F75-1EEBDE056BB8}"
EndProject
Project("{FAE04EC0-301F-11D3-BF4B-00C04F79EFBC}") = "UserApi.Mocks", "User\UserApi.Mocks\UserApi.Mocks.csproj", "{306E1A80-CC1F-9500-7290-9E35CAD3CCB9}"
EndProject
Project("{FAE04EC0-301F-11D3-BF4B-00C04F79EFBC}") = "UserApi.Models", "User\UserApi.Models\UserApi.Models.csproj", "{BA058503-48BF-CF0B-F6DE-65693BFB6264}"
EndProject
Project("{FAE04EC0-301F-11D3-BF4B-00C04F79EFBC}") = "UserApi.Tests", "User\UserApi.Tests\UserApi.Tests.csproj", "{2DD20F86-F283-AEFD-90B5-6B59BC4A0EB8}"
EndProject
Project("{FAE04EC0-301F-11D3-BF4B-00C04F79EFBC}") = "UserApi.Workflows", "User\UserApi.Workflows\UserApi.Workflows.csproj", "{A310710A-A379-4FE7-0A86-B8B703C1B14B}"
EndProject
Project("{2150E333-8FDC-42A3-9474-1A3956D46DE8}") = "Collection", "Collection", "{DCA7F5E2-58F5-4842-BB11-3206FE389513}"
EndProject
Project("{FAE04EC0-301F-11D3-BF4B-00C04F79EFBC}") = "CollectionApi", "Collection\CollectionApi\CollectionApi.csproj", "{67C9101C-C749-4F87-A031-FDA4BCAAEAFF}"
EndProject
Project("{FAE04EC0-301F-11D3-BF4B-00C04F79EFBC}") = "CollectionApi.Data", "Collection\CollectionApi.Data\CollectionApi.Data.csproj", "{E6A6EBA1-57EA-4D9D-AACB-76E73CA76DE4}"
EndProject
Project("{FAE04EC0-301F-11D3-BF4B-00C04F79EFBC}") = "CollectionApi.Models", "Collection\CollectionApi.Models\CollectionApi.Models.csproj", "{061A1F2C-D6BB-40E0-82D7-CAF2EF817611}"
EndProject
Project("{FAE04EC0-301F-11D3-BF4B-00C04F79EFBC}") = "CollectionApi.Workflows", "Collection\CollectionApi.Workflows\CollectionApi.Workflows.csproj", "{7B564666-17BD-4C41-9E7B-9FC41149DEC2}"
EndProject
Project("{FAE04EC0-301F-11D3-BF4B-00C04F79EFBC}") = "CollectionApi.Tests", "Collection\CollectionApi.Tests\CollectionApi.Tests.csproj", "{8C46C220-E01A-409E-9A27-FD9B25E7A1BC}"
EndProject
Project("{FAE04EC0-301F-11D3-BF4B-00C04F79EFBC}") = "CollectionApi.Mocks", "Collection\CollectionApi.Mocks\CollectionApi.Mocks.csproj", "{83BAF87C-A444-4528-A73A-40F4BAE234EB}"
EndProject
Global
	GlobalSection(SolutionConfigurationPlatforms) = preSolution
		Debug|Any CPU = Debug|Any CPU
		Release|Any CPU = Release|Any CPU
	EndGlobalSection
	GlobalSection(ProjectConfigurationPlatforms) = postSolution
		{1CE7E649-E971-7AE2-67AC-B80E491CE998}.Debug|Any CPU.ActiveCfg = Debug|Any CPU
		{1CE7E649-E971-7AE2-67AC-B80E491CE998}.Debug|Any CPU.Build.0 = Debug|Any CPU
		{1CE7E649-E971-7AE2-67AC-B80E491CE998}.Release|Any CPU.ActiveCfg = Release|Any CPU
		{1CE7E649-E971-7AE2-67AC-B80E491CE998}.Release|Any CPU.Build.0 = Release|Any CPU
		{B3D487AF-83C0-11C3-091A-46223C10224E}.Debug|Any CPU.ActiveCfg = Debug|Any CPU
		{B3D487AF-83C0-11C3-091A-46223C10224E}.Debug|Any CPU.Build.0 = Debug|Any CPU
		{B3D487AF-83C0-11C3-091A-46223C10224E}.Release|Any CPU.ActiveCfg = Release|Any CPU
		{B3D487AF-83C0-11C3-091A-46223C10224E}.Release|Any CPU.Build.0 = Release|Any CPU
		{AE268FE4-C299-EF58-A1E4-0BB261C02B84}.Debug|Any CPU.ActiveCfg = Debug|Any CPU
		{AE268FE4-C299-EF58-A1E4-0BB261C02B84}.Debug|Any CPU.Build.0 = Debug|Any CPU
		{AE268FE4-C299-EF58-A1E4-0BB261C02B84}.Release|Any CPU.ActiveCfg = Release|Any CPU
		{AE268FE4-C299-EF58-A1E4-0BB261C02B84}.Release|Any CPU.Build.0 = Release|Any CPU
		{6A0DC03F-87B9-2E4D-903C-569EFCF1967D}.Debug|Any CPU.ActiveCfg = Debug|Any CPU
		{6A0DC03F-87B9-2E4D-903C-569EFCF1967D}.Debug|Any CPU.Build.0 = Debug|Any CPU
		{6A0DC03F-87B9-2E4D-903C-569EFCF1967D}.Release|Any CPU.ActiveCfg = Release|Any CPU
		{6A0DC03F-87B9-2E4D-903C-569EFCF1967D}.Release|Any CPU.Build.0 = Release|Any CPU
		{C2BE179C-32EC-80B3-7BAE-81DE79B76218}.Debug|Any CPU.ActiveCfg = Debug|Any CPU
		{C2BE179C-32EC-80B3-7BAE-81DE79B76218}.Debug|Any CPU.Build.0 = Debug|Any CPU
		{C2BE179C-32EC-80B3-7BAE-81DE79B76218}.Release|Any CPU.ActiveCfg = Release|Any CPU
		{C2BE179C-32EC-80B3-7BAE-81DE79B76218}.Release|Any CPU.Build.0 = Release|Any CPU
		{9618FF23-0F8B-3D73-CDAD-62780BBCD7A5}.Debug|Any CPU.ActiveCfg = Debug|Any CPU
		{9618FF23-0F8B-3D73-CDAD-62780BBCD7A5}.Debug|Any CPU.Build.0 = Debug|Any CPU
		{9618FF23-0F8B-3D73-CDAD-62780BBCD7A5}.Release|Any CPU.ActiveCfg = Release|Any CPU
		{9618FF23-0F8B-3D73-CDAD-62780BBCD7A5}.Release|Any CPU.Build.0 = Release|Any CPU
		{0DBAA31C-9DD0-22AA-D035-A67A6A58E43B}.Debug|Any CPU.ActiveCfg = Debug|Any CPU
		{0DBAA31C-9DD0-22AA-D035-A67A6A58E43B}.Debug|Any CPU.Build.0 = Debug|Any CPU
		{0DBAA31C-9DD0-22AA-D035-A67A6A58E43B}.Release|Any CPU.ActiveCfg = Release|Any CPU
		{0DBAA31C-9DD0-22AA-D035-A67A6A58E43B}.Release|Any CPU.Build.0 = Release|Any CPU
		{48E91F1F-DB1E-D52C-4F75-1EEBDE056BB8}.Debug|Any CPU.ActiveCfg = Debug|Any CPU
		{48E91F1F-DB1E-D52C-4F75-1EEBDE056BB8}.Debug|Any CPU.Build.0 = Debug|Any CPU
		{48E91F1F-DB1E-D52C-4F75-1EEBDE056BB8}.Release|Any CPU.ActiveCfg = Release|Any CPU
		{48E91F1F-DB1E-D52C-4F75-1EEBDE056BB8}.Release|Any CPU.Build.0 = Release|Any CPU
		{306E1A80-CC1F-9500-7290-9E35CAD3CCB9}.Debug|Any CPU.ActiveCfg = Debug|Any CPU
		{306E1A80-CC1F-9500-7290-9E35CAD3CCB9}.Debug|Any CPU.Build.0 = Debug|Any CPU
		{306E1A80-CC1F-9500-7290-9E35CAD3CCB9}.Release|Any CPU.ActiveCfg = Release|Any CPU
		{306E1A80-CC1F-9500-7290-9E35CAD3CCB9}.Release|Any CPU.Build.0 = Release|Any CPU
		{BA058503-48BF-CF0B-F6DE-65693BFB6264}.Debug|Any CPU.ActiveCfg = Debug|Any CPU
		{BA058503-48BF-CF0B-F6DE-65693BFB6264}.Debug|Any CPU.Build.0 = Debug|Any CPU
		{BA058503-48BF-CF0B-F6DE-65693BFB6264}.Release|Any CPU.ActiveCfg = Release|Any CPU
		{BA058503-48BF-CF0B-F6DE-65693BFB6264}.Release|Any CPU.Build.0 = Release|Any CPU
		{2DD20F86-F283-AEFD-90B5-6B59BC4A0EB8}.Debug|Any CPU.ActiveCfg = Debug|Any CPU
		{2DD20F86-F283-AEFD-90B5-6B59BC4A0EB8}.Debug|Any CPU.Build.0 = Debug|Any CPU
		{2DD20F86-F283-AEFD-90B5-6B59BC4A0EB8}.Release|Any CPU.ActiveCfg = Release|Any CPU
		{2DD20F86-F283-AEFD-90B5-6B59BC4A0EB8}.Release|Any CPU.Build.0 = Release|Any CPU
		{A310710A-A379-4FE7-0A86-B8B703C1B14B}.Debug|Any CPU.ActiveCfg = Debug|Any CPU
		{A310710A-A379-4FE7-0A86-B8B703C1B14B}.Debug|Any CPU.Build.0 = Debug|Any CPU
		{A310710A-A379-4FE7-0A86-B8B703C1B14B}.Release|Any CPU.ActiveCfg = Release|Any CPU
		{A310710A-A379-4FE7-0A86-B8B703C1B14B}.Release|Any CPU.Build.0 = Release|Any CPU
		{67C9101C-C749-4F87-A031-FDA4BCAAEAFF}.Debug|Any CPU.ActiveCfg = Debug|Any CPU
		{67C9101C-C749-4F87-A031-FDA4BCAAEAFF}.Debug|Any CPU.Build.0 = Debug|Any CPU
		{67C9101C-C749-4F87-A031-FDA4BCAAEAFF}.Release|Any CPU.ActiveCfg = Release|Any CPU
		{67C9101C-C749-4F87-A031-FDA4BCAAEAFF}.Release|Any CPU.Build.0 = Release|Any CPU
		{E6A6EBA1-57EA-4D9D-AACB-76E73CA76DE4}.Debug|Any CPU.ActiveCfg = Debug|Any CPU
		{E6A6EBA1-57EA-4D9D-AACB-76E73CA76DE4}.Debug|Any CPU.Build.0 = Debug|Any CPU
		{E6A6EBA1-57EA-4D9D-AACB-76E73CA76DE4}.Release|Any CPU.ActiveCfg = Release|Any CPU
		{E6A6EBA1-57EA-4D9D-AACB-76E73CA76DE4}.Release|Any CPU.Build.0 = Release|Any CPU
		{061A1F2C-D6BB-40E0-82D7-CAF2EF817611}.Debug|Any CPU.ActiveCfg = Debug|Any CPU
		{061A1F2C-D6BB-40E0-82D7-CAF2EF817611}.Debug|Any CPU.Build.0 = Debug|Any CPU
		{061A1F2C-D6BB-40E0-82D7-CAF2EF817611}.Release|Any CPU.ActiveCfg = Release|Any CPU
		{061A1F2C-D6BB-40E0-82D7-CAF2EF817611}.Release|Any CPU.Build.0 = Release|Any CPU
		{7B564666-17BD-4C41-9E7B-9FC41149DEC2}.Debug|Any CPU.ActiveCfg = Debug|Any CPU
		{7B564666-17BD-4C41-9E7B-9FC41149DEC2}.Debug|Any CPU.Build.0 = Debug|Any CPU
		{7B564666-17BD-4C41-9E7B-9FC41149DEC2}.Release|Any CPU.ActiveCfg = Release|Any CPU
		{7B564666-17BD-4C41-9E7B-9FC41149DEC2}.Release|Any CPU.Build.0 = Release|Any CPU
		{8C46C220-E01A-409E-9A27-FD9B25E7A1BC}.Debug|Any CPU.ActiveCfg = Debug|Any CPU
		{8C46C220-E01A-409E-9A27-FD9B25E7A1BC}.Debug|Any CPU.Build.0 = Debug|Any CPU
		{8C46C220-E01A-409E-9A27-FD9B25E7A1BC}.Release|Any CPU.ActiveCfg = Release|Any CPU
		{8C46C220-E01A-409E-9A27-FD9B25E7A1BC}.Release|Any CPU.Build.0 = Release|Any CPU
		{83BAF87C-A444-4528-A73A-40F4BAE234EB}.Debug|Any CPU.ActiveCfg = Debug|Any CPU
		{83BAF87C-A444-4528-A73A-40F4BAE234EB}.Debug|Any CPU.Build.0 = Debug|Any CPU
		{83BAF87C-A444-4528-A73A-40F4BAE234EB}.Release|Any CPU.ActiveCfg = Release|Any CPU
		{83BAF87C-A444-4528-A73A-40F4BAE234EB}.Release|Any CPU.Build.0 = Release|Any CPU
	EndGlobalSection
	GlobalSection(SolutionProperties) = preSolution
		HideSolutionNode = FALSE
	EndGlobalSection
	GlobalSection(NestedProjects) = preSolution
		{1CE7E649-E971-7AE2-67AC-B80E491CE998} = {02EA681E-C7D8-13C7-8484-4AC65E1B71E8}
		{B3D487AF-83C0-11C3-091A-46223C10224E} = {02EA681E-C7D8-13C7-8484-4AC65E1B71E8}
		{AE268FE4-C299-EF58-A1E4-0BB261C02B84} = {02EA681E-C7D8-13C7-8484-4AC65E1B71E8}
		{6A0DC03F-87B9-2E4D-903C-569EFCF1967D} = {02EA681E-C7D8-13C7-8484-4AC65E1B71E8}
		{C2BE179C-32EC-80B3-7BAE-81DE79B76218} = {02EA681E-C7D8-13C7-8484-4AC65E1B71E8}
		{9618FF23-0F8B-3D73-CDAD-62780BBCD7A5} = {02EA681E-C7D8-13C7-8484-4AC65E1B71E8}
		{0DBAA31C-9DD0-22AA-D035-A67A6A58E43B} = {4171DB6F-85A8-44EB-8F5E-EE36437F5C53}
		{48E91F1F-DB1E-D52C-4F75-1EEBDE056BB8} = {4171DB6F-85A8-44EB-8F5E-EE36437F5C53}
		{306E1A80-CC1F-9500-7290-9E35CAD3CCB9} = {4171DB6F-85A8-44EB-8F5E-EE36437F5C53}
		{BA058503-48BF-CF0B-F6DE-65693BFB6264} = {4171DB6F-85A8-44EB-8F5E-EE36437F5C53}
		{2DD20F86-F283-AEFD-90B5-6B59BC4A0EB8} = {4171DB6F-85A8-44EB-8F5E-EE36437F5C53}
		{A310710A-A379-4FE7-0A86-B8B703C1B14B} = {4171DB6F-85A8-44EB-8F5E-EE36437F5C53}
		{67C9101C-C749-4F87-A031-FDA4BCAAEAFF} = {DCA7F5E2-58F5-4842-BB11-3206FE389513}
		{E6A6EBA1-57EA-4D9D-AACB-76E73CA76DE4} = {DCA7F5E2-58F5-4842-BB11-3206FE389513}
		{061A1F2C-D6BB-40E0-82D7-CAF2EF817611} = {DCA7F5E2-58F5-4842-BB11-3206FE389513}
		{7B564666-17BD-4C41-9E7B-9FC41149DEC2} = {DCA7F5E2-58F5-4842-BB11-3206FE389513}
		{8C46C220-E01A-409E-9A27-FD9B25E7A1BC} = {DCA7F5E2-58F5-4842-BB11-3206FE389513}
		{83BAF87C-A444-4528-A73A-40F4BAE234EB} = {DCA7F5E2-58F5-4842-BB11-3206FE389513}
	EndGlobalSection
	GlobalSection(ExtensibilityGlobals) = postSolution
		SolutionGuid = {C9B2BFF3-674F-4326-81CE-5D8A6B81AECF}
	EndGlobalSection
EndGlobal
